
Microsoft Visual Studio Solution File, Format Version 12.00
# Visual Studio Version 17
VisualStudioVersion = 17.12.35707.178
MinimumVisualStudioVersion = 10.0.40219.1
Project("{FAE04EC0-301F-11D3-BF4B-00C04F79EFBC}") = "EShopService", "EShopService\EShopService.csproj", "{9113C631-A499-40BA-B47E-25EE8FA7574B}"
EndProject
Project("{FAE04EC0-301F-11D3-BF4B-00C04F79EFBC}") = "EShop.Application", "EShop.Application\EShop.Application.csproj", "{6CF7AB5A-7F9B-423A-81A9-B9254B571984}"
EndProject
Project("{FAE04EC0-301F-11D3-BF4B-00C04F79EFBC}") = "EShop.Application.Tests", "EShop.Application.Tests\EShop.Application.Tests.csproj", "{67256A61-8BA8-43CE-805A-208ACD4FEF21}"
EndProject
Project("{FAE04EC0-301F-11D3-BF4B-00C04F79EFBC}") = "EShop.Domain", "EShop.Domain\EShop.Domain.csproj", "{87DF747D-B3FE-421A-96DE-E68CCA5EB44B}"
EndProject
Project("{FAE04EC0-301F-11D3-BF4B-00C04F79EFBC}") = "EShop.Domain.Tests", "EShop.Domain.Tests\EShop.Domain.Tests.csproj", "{73B26C00-4623-40D9-B06F-0660E2C403EA}"
EndProject
Project("{FAE04EC0-301F-11D3-BF4B-00C04F79EFBC}") = "UserService", "UserService\UserService.csproj", "{8C5D0C4F-E180-4D50-B62D-09CFD6C3B3DA}"
EndProject
Project("{FAE04EC0-301F-11D3-BF4B-00C04F79EFBC}") = "User.Domain", "User.Domain\User.Domain.csproj", "{9371EA80-FB3F-49A7-A2CB-1BC246CA84A2}"
EndProject
Project("{FAE04EC0-301F-11D3-BF4B-00C04F79EFBC}") = "User.Application", "User.Application\User.Application.csproj", "{468A8173-3228-4C5A-95BD-7CEF5AB7E1B1}"
EndProject
Project("{FAE04EC0-301F-11D3-BF4B-00C04F79EFBC}") = "UserService.IntegrationTests", "UserServiceIntegrationTests\UserService.IntegrationTests.csproj", "{F9AD30A5-E00A-4493-BA5F-720F011D5485}"
EndProject
Project("{FAE04EC0-301F-11D3-BF4B-00C04F79EFBC}") = "User.Application.Tests", "User.Application.Tests\User.Application.Tests.csproj", "{60787F81-7B57-4954-9673-00FE8377C0C5}"
EndProject
Project("{FAE04EC0-301F-11D3-BF4B-00C04F79EFBC}") = "Infrastructure", "Infrastructure\Infrastructure.csproj", "{B55A1A2B-6971-465C-B07A-B6CD37E556E9}"
EndProject
Project("{FAE04EC0-301F-11D3-BF4B-00C04F79EFBC}") = "EShopService.Tests", "EShopService.Tests\EShopService.Tests.csproj", "{504D00A7-6085-41B0-911B-731761F83AE0}"
EndProject
Project("{FAE04EC0-301F-11D3-BF4B-00C04F79EFBC}") = "EShopService.IntegrationTests", "EShopService.IntegrationTests\EShopService.IntegrationTests.csproj", "{B4E0B0E4-5D63-465E-913C-6917CAB7346B}"
EndProject
Project("{FAE04EC0-301F-11D3-BF4B-00C04F79EFBC}") = "UserService.Tests", "UserService.Tests\UserService.Tests.csproj", "{AC8401DA-3122-4908-9DC8-24B81FF84822}"
EndProject
Project("{FAE04EC0-301F-11D3-BF4B-00C04F79EFBC}") = "Infrastructure.Tests", "Infrastructure.Tests\Infrastructure.Tests.csproj", "{3AD0023E-6A6A-4F00-B78A-47EF9143B0CF}"
EndProject
Project("{E53339B2-1760-4266-BCC7-CA923CBCF16C}") = "docker-compose", "docker-compose.dcproj", "{81DDED9D-158B-E303-5F62-77A2896D2A5A}"
EndProject
Project("{FAE04EC0-301F-11D3-BF4B-00C04F79EFBC}") = "NotificationService", "NotificationService\NotificationService.csproj", "{049B01DC-D30C-49CC-B687-FE5372AE0F68}"
EndProject
Global
	GlobalSection(SolutionConfigurationPlatforms) = preSolution
		Debug|Any CPU = Debug|Any CPU
		Release|Any CPU = Release|Any CPU
	EndGlobalSection
	GlobalSection(ProjectConfigurationPlatforms) = postSolution
		{9113C631-A499-40BA-B47E-25EE8FA7574B}.Debug|Any CPU.ActiveCfg = Debug|Any CPU
		{9113C631-A499-40BA-B47E-25EE8FA7574B}.Debug|Any CPU.Build.0 = Debug|Any CPU
		{9113C631-A499-40BA-B47E-25EE8FA7574B}.Release|Any CPU.ActiveCfg = Release|Any CPU
		{9113C631-A499-40BA-B47E-25EE8FA7574B}.Release|Any CPU.Build.0 = Release|Any CPU
		{6CF7AB5A-7F9B-423A-81A9-B9254B571984}.Debug|Any CPU.ActiveCfg = Debug|Any CPU
		{6CF7AB5A-7F9B-423A-81A9-B9254B571984}.Debug|Any CPU.Build.0 = Debug|Any CPU
		{6CF7AB5A-7F9B-423A-81A9-B9254B571984}.Release|Any CPU.ActiveCfg = Release|Any CPU
		{6CF7AB5A-7F9B-423A-81A9-B9254B571984}.Release|Any CPU.Build.0 = Release|Any CPU
		{67256A61-8BA8-43CE-805A-208ACD4FEF21}.Debug|Any CPU.ActiveCfg = Debug|Any CPU
		{67256A61-8BA8-43CE-805A-208ACD4FEF21}.Debug|Any CPU.Build.0 = Debug|Any CPU
		{67256A61-8BA8-43CE-805A-208ACD4FEF21}.Release|Any CPU.ActiveCfg = Release|Any CPU
		{67256A61-8BA8-43CE-805A-208ACD4FEF21}.Release|Any CPU.Build.0 = Release|Any CPU
		{87DF747D-B3FE-421A-96DE-E68CCA5EB44B}.Debug|Any CPU.ActiveCfg = Debug|Any CPU
		{87DF747D-B3FE-421A-96DE-E68CCA5EB44B}.Debug|Any CPU.Build.0 = Debug|Any CPU
		{87DF747D-B3FE-421A-96DE-E68CCA5EB44B}.Release|Any CPU.ActiveCfg = Release|Any CPU
		{87DF747D-B3FE-421A-96DE-E68CCA5EB44B}.Release|Any CPU.Build.0 = Release|Any CPU
		{73B26C00-4623-40D9-B06F-0660E2C403EA}.Debug|Any CPU.ActiveCfg = Debug|Any CPU
		{73B26C00-4623-40D9-B06F-0660E2C403EA}.Debug|Any CPU.Build.0 = Debug|Any CPU
		{73B26C00-4623-40D9-B06F-0660E2C403EA}.Release|Any CPU.ActiveCfg = Release|Any CPU
		{73B26C00-4623-40D9-B06F-0660E2C403EA}.Release|Any CPU.Build.0 = Release|Any CPU
		{8C5D0C4F-E180-4D50-B62D-09CFD6C3B3DA}.Debug|Any CPU.ActiveCfg = Debug|Any CPU
		{8C5D0C4F-E180-4D50-B62D-09CFD6C3B3DA}.Debug|Any CPU.Build.0 = Debug|Any CPU
		{8C5D0C4F-E180-4D50-B62D-09CFD6C3B3DA}.Release|Any CPU.ActiveCfg = Release|Any CPU
		{8C5D0C4F-E180-4D50-B62D-09CFD6C3B3DA}.Release|Any CPU.Build.0 = Release|Any CPU
		{9371EA80-FB3F-49A7-A2CB-1BC246CA84A2}.Debug|Any CPU.ActiveCfg = Debug|Any CPU
		{9371EA80-FB3F-49A7-A2CB-1BC246CA84A2}.Debug|Any CPU.Build.0 = Debug|Any CPU
		{9371EA80-FB3F-49A7-A2CB-1BC246CA84A2}.Release|Any CPU.ActiveCfg = Release|Any CPU
		{9371EA80-FB3F-49A7-A2CB-1BC246CA84A2}.Release|Any CPU.Build.0 = Release|Any CPU
		{468A8173-3228-4C5A-95BD-7CEF5AB7E1B1}.Debug|Any CPU.ActiveCfg = Debug|Any CPU
		{468A8173-3228-4C5A-95BD-7CEF5AB7E1B1}.Debug|Any CPU.Build.0 = Debug|Any CPU
		{468A8173-3228-4C5A-95BD-7CEF5AB7E1B1}.Release|Any CPU.ActiveCfg = Release|Any CPU
		{468A8173-3228-4C5A-95BD-7CEF5AB7E1B1}.Release|Any CPU.Build.0 = Release|Any CPU
		{F9AD30A5-E00A-4493-BA5F-720F011D5485}.Debug|Any CPU.ActiveCfg = Debug|Any CPU
		{F9AD30A5-E00A-4493-BA5F-720F011D5485}.Debug|Any CPU.Build.0 = Debug|Any CPU
		{F9AD30A5-E00A-4493-BA5F-720F011D5485}.Release|Any CPU.ActiveCfg = Release|Any CPU
		{F9AD30A5-E00A-4493-BA5F-720F011D5485}.Release|Any CPU.Build.0 = Release|Any CPU
		{60787F81-7B57-4954-9673-00FE8377C0C5}.Debug|Any CPU.ActiveCfg = Debug|Any CPU
		{60787F81-7B57-4954-9673-00FE8377C0C5}.Debug|Any CPU.Build.0 = Debug|Any CPU
		{60787F81-7B57-4954-9673-00FE8377C0C5}.Release|Any CPU.ActiveCfg = Release|Any CPU
		{60787F81-7B57-4954-9673-00FE8377C0C5}.Release|Any CPU.Build.0 = Release|Any CPU
		{B55A1A2B-6971-465C-B07A-B6CD37E556E9}.Debug|Any CPU.ActiveCfg = Debug|Any CPU
		{B55A1A2B-6971-465C-B07A-B6CD37E556E9}.Debug|Any CPU.Build.0 = Debug|Any CPU
		{B55A1A2B-6971-465C-B07A-B6CD37E556E9}.Release|Any CPU.ActiveCfg = Release|Any CPU
		{B55A1A2B-6971-465C-B07A-B6CD37E556E9}.Release|Any CPU.Build.0 = Release|Any CPU
		{504D00A7-6085-41B0-911B-731761F83AE0}.Debug|Any CPU.ActiveCfg = Debug|Any CPU
		{504D00A7-6085-41B0-911B-731761F83AE0}.Debug|Any CPU.Build.0 = Debug|Any CPU
		{504D00A7-6085-41B0-911B-731761F83AE0}.Release|Any CPU.ActiveCfg = Release|Any CPU
		{504D00A7-6085-41B0-911B-731761F83AE0}.Release|Any CPU.Build.0 = Release|Any CPU
		{B4E0B0E4-5D63-465E-913C-6917CAB7346B}.Debug|Any CPU.ActiveCfg = Debug|Any CPU
		{B4E0B0E4-5D63-465E-913C-6917CAB7346B}.Debug|Any CPU.Build.0 = Debug|Any CPU
		{B4E0B0E4-5D63-465E-913C-6917CAB7346B}.Release|Any CPU.ActiveCfg = Release|Any CPU
		{B4E0B0E4-5D63-465E-913C-6917CAB7346B}.Release|Any CPU.Build.0 = Release|Any CPU
		{AC8401DA-3122-4908-9DC8-24B81FF84822}.Debug|Any CPU.ActiveCfg = Debug|Any CPU
		{AC8401DA-3122-4908-9DC8-24B81FF84822}.Debug|Any CPU.Build.0 = Debug|Any CPU
		{AC8401DA-3122-4908-9DC8-24B81FF84822}.Release|Any CPU.ActiveCfg = Release|Any CPU
		{AC8401DA-3122-4908-9DC8-24B81FF84822}.Release|Any CPU.Build.0 = Release|Any CPU
		{3AD0023E-6A6A-4F00-B78A-47EF9143B0CF}.Debug|Any CPU.ActiveCfg = Debug|Any CPU
		{3AD0023E-6A6A-4F00-B78A-47EF9143B0CF}.Debug|Any CPU.Build.0 = Debug|Any CPU
		{3AD0023E-6A6A-4F00-B78A-47EF9143B0CF}.Release|Any CPU.ActiveCfg = Release|Any CPU
		{3AD0023E-6A6A-4F00-B78A-47EF9143B0CF}.Release|Any CPU.Build.0 = Release|Any CPU
		{81DDED9D-158B-E303-5F62-77A2896D2A5A}.Debug|Any CPU.ActiveCfg = Debug|Any CPU
		{81DDED9D-158B-E303-5F62-77A2896D2A5A}.Debug|Any CPU.Build.0 = Debug|Any CPU
		{81DDED9D-158B-E303-5F62-77A2896D2A5A}.Release|Any CPU.ActiveCfg = Release|Any CPU
		{81DDED9D-158B-E303-5F62-77A2896D2A5A}.Release|Any CPU.Build.0 = Release|Any CPU
		{049B01DC-D30C-49CC-B687-FE5372AE0F68}.Debug|Any CPU.ActiveCfg = Debug|Any CPU
		{049B01DC-D30C-49CC-B687-FE5372AE0F68}.Debug|Any CPU.Build.0 = Debug|Any CPU
		{049B01DC-D30C-49CC-B687-FE5372AE0F68}.Release|Any CPU.ActiveCfg = Release|Any CPU
		{049B01DC-D30C-49CC-B687-FE5372AE0F68}.Release|Any CPU.Build.0 = Release|Any CPU
	EndGlobalSection
	GlobalSection(SolutionProperties) = preSolution
		HideSolutionNode = FALSE
	EndGlobalSection
	GlobalSection(ExtensibilityGlobals) = postSolution
		SolutionGuid = {34C74EB4-630C-4F2D-A88D-8B537D2A9C96}
	EndGlobalSection
EndGlobal
